
Microsoft Visual Studio Solution File, Format Version 12.00
Project("{FAE04EC0-301F-11D3-BF4B-00C04F79EFBC}") = "MeshOptimizer", "MeshOptimizer\MeshOptimizer.csproj", "{E4F045EF-D44B-4AE0-BBBC-AD05C0C9D890}"
EndProject
Project("{FAE04EC0-301F-11D3-BF4B-00C04F79EFBC}") = "MeshOptimizerTests", "MeshOptimizerTests\MeshOptimizerTests.csproj", "{C8754784-739A-46F1-9C7F-1FD0238D2652}"
EndProject
Global
	GlobalSection(SolutionConfigurationPlatforms) = preSolution
		Debug|Any CPU = Debug|Any CPU
		Release|Any CPU = Release|Any CPU
	EndGlobalSection
	GlobalSection(ProjectConfigurationPlatforms) = postSolution
		{E4F045EF-D44B-4AE0-BBBC-AD05C0C9D890}.Debug|Any CPU.ActiveCfg = Debug|Any CPU
		{E4F045EF-D44B-4AE0-BBBC-AD05C0C9D890}.Debug|Any CPU.Build.0 = Debug|Any CPU
		{E4F045EF-D44B-4AE0-BBBC-AD05C0C9D890}.Release|Any CPU.ActiveCfg = Release|Any CPU
		{E4F045EF-D44B-4AE0-BBBC-AD05C0C9D890}.Release|Any CPU.Build.0 = Release|Any CPU
		{C8754784-739A-46F1-9C7F-1FD0238D2652}.Debug|Any CPU.ActiveCfg = Debug|Any CPU
		{C8754784-739A-46F1-9C7F-1FD0238D2652}.Debug|Any CPU.Build.0 = Debug|Any CPU
		{C8754784-739A-46F1-9C7F-1FD0238D2652}.Release|Any CPU.ActiveCfg = Release|Any CPU
		{C8754784-739A-46F1-9C7F-1FD0238D2652}.Release|Any CPU.Build.0 = Release|Any CPU
	EndGlobalSection
EndGlobal
